// !$*UTF8*$!
{
	archiveVersion = 1;
	classes = {
	};
	objectVersion = 48;
	objects = {

/* Begin PBXBuildFile section */
		071B8B801FEB43D40096F1B1 /* OpenGLView.m in Sources */ = {isa = PBXBuildFile; fileRef = 071B8B7F1FEB43D40096F1B1 /* OpenGLView.m */; };
		071B8B821FEB47F70096F1B1 /* Vertex.vs in Resources */ = {isa = PBXBuildFile; fileRef = 071B8B811FEB47F70096F1B1 /* Vertex.vs */; };
		071B8B8C1FEB4F6B0096F1B1 /* Shader.m in Sources */ = {isa = PBXBuildFile; fileRef = 071B8B8A1FEB4EB60096F1B1 /* Shader.m */; };
		071B8B901FEB61800096F1B1 /* Fragment.frag in Resources */ = {isa = PBXBuildFile; fileRef = 071B8B8F1FEB61800096F1B1 /* Fragment.frag */; };
		071D37721FEA03B4008EABDE /* AppDelegate.m in Sources */ = {isa = PBXBuildFile; fileRef = 071D37711FEA03B4008EABDE /* AppDelegate.m */; };
		071D37751FEA03B4008EABDE /* ViewController.m in Sources */ = {isa = PBXBuildFile; fileRef = 071D37741FEA03B4008EABDE /* ViewController.m */; };
		071D37781FEA03B4008EABDE /* Main.storyboard in Resources */ = {isa = PBXBuildFile; fileRef = 071D37761FEA03B4008EABDE /* Main.storyboard */; };
		071D377A1FEA03B4008EABDE /* Assets.xcassets in Resources */ = {isa = PBXBuildFile; fileRef = 071D37791FEA03B4008EABDE /* Assets.xcassets */; };
		071D377D1FEA03B4008EABDE /* LaunchScreen.storyboard in Resources */ = {isa = PBXBuildFile; fileRef = 071D377B1FEA03B4008EABDE /* LaunchScreen.storyboard */; };
		071D37801FEA03B4008EABDE /* main.m in Sources */ = {isa = PBXBuildFile; fileRef = 071D377F1FEA03B4008EABDE /* main.m */; };
/* End PBXBuildFile section */

/* Begin PBXFileReference section */
		071B8B7E1FEB43D40096F1B1 /* OpenGLView.h */ = {isa = PBXFileReference; lastKnownFileType = sourcecode.c.h; path = OpenGLView.h; sourceTree = "<group>"; };
		071B8B7F1FEB43D40096F1B1 /* OpenGLView.m */ = {isa = PBXFileReference; lastKnownFileType = sourcecode.c.objc; path = OpenGLView.m; sourceTree = "<group>"; };
		071B8B811FEB47F70096F1B1 /* Vertex.vs */ = {isa = PBXFileReference; lastKnownFileType = sourcecode.glsl; path = Vertex.vs; sourceTree = "<group>"; };
		071B8B8A1FEB4EB60096F1B1 /* Shader.m */ = {isa = PBXFileReference; lastKnownFileType = sourcecode.c.objc; name = Shader.m; path = OpenGLLearning004/Shader.m; sourceTree = SOURCE_ROOT; };
		071B8B8B1FEB4EB70096F1B1 /* Shader.h */ = {isa = PBXFileReference; lastKnownFileType = sourcecode.c.h; name = Shader.h; path = OpenGLLearning004/Shader.h; sourceTree = SOURCE_ROOT; };
		071B8B8F1FEB61800096F1B1 /* Fragment.frag */ = {isa = PBXFileReference; lastKnownFileType = sourcecode.glsl; path = Fragment.frag; sourceTree = "<group>"; };
		071D376D1FEA03B4008EABDE /* OpenGLLearning004.app */ = {isa = PBXFileReference; explicitFileType = wrapper.application; includeInIndex = 0; path = OpenGLLearning004.app; sourceTree = BUILT_PRODUCTS_DIR; };
		071D37701FEA03B4008EABDE /* AppDelegate.h */ = {isa = PBXFileReference; lastKnownFileType = sourcecode.c.h; path = AppDelegate.h; sourceTree = "<group>"; };
		071D37711FEA03B4008EABDE /* AppDelegate.m */ = {isa = PBXFileReference; lastKnownFileType = sourcecode.c.objc; path = AppDelegate.m; sourceTree = "<group>"; };
		071D37731FEA03B4008EABDE /* ViewController.h */ = {isa = PBXFileReference; lastKnownFileType = sourcecode.c.h; path = ViewController.h; sourceTree = "<group>"; };
		071D37741FEA03B4008EABDE /* ViewController.m */ = {isa = PBXFileReference; lastKnownFileType = sourcecode.c.objc; path = ViewController.m; sourceTree = "<group>"; };
		071D37771FEA03B4008EABDE /* Base */ = {isa = PBXFileReference; lastKnownFileType = file.storyboard; name = Base; path = Base.lproj/Main.storyboard; sourceTree = "<group>"; };
		071D37791FEA03B4008EABDE /* Assets.xcassets */ = {isa = PBXFileReference; lastKnownFileType = folder.assetcatalog; path = Assets.xcassets; sourceTree = "<group>"; };
		071D377C1FEA03B4008EABDE /* Base */ = {isa = PBXFileReference; lastKnownFileType = file.storyboard; name = Base; path = Base.lproj/LaunchScreen.storyboard; sourceTree = "<group>"; };
		071D377E1FEA03B4008EABDE /* Info.plist */ = {isa = PBXFileReference; lastKnownFileType = text.plist.xml; path = Info.plist; sourceTree = "<group>"; };
		071D377F1FEA03B4008EABDE /* main.m */ = {isa = PBXFileReference; lastKnownFileType = sourcecode.c.objc; path = main.m; sourceTree = "<group>"; };
/* End PBXFileReference section */

/* Begin PBXFrameworksBuildPhase section */
		071D376A1FEA03B4008EABDE /* Frameworks */ = {
			isa = PBXFrameworksBuildPhase;
			buildActionMask = 2147483647;
			files = (
			);
			runOnlyForDeploymentPostprocessing = 0;
		};
/* End PBXFrameworksBuildPhase section */

/* Begin PBXGroup section */
		071D37641FEA03B4008EABDE = {
			isa = PBXGroup;
			children = (
				071D376F1FEA03B4008EABDE /* OpenGLLearning004 */,
				071D376E1FEA03B4008EABDE /* Products */,
			);
			sourceTree = "<group>";
		};
		071D376E1FEA03B4008EABDE /* Products */ = {
			isa = PBXGroup;
			children = (
				071D376D1FEA03B4008EABDE /* OpenGLLearning004.app */,
			);
			name = Products;
			sourceTree = "<group>";
		};
		071D376F1FEA03B4008EABDE /* OpenGLLearning004 */ = {
			isa = PBXGroup;
			children = (
				071D37701FEA03B4008EABDE /* AppDelegate.h */,
				071D37711FEA03B4008EABDE /* AppDelegate.m */,
				071D37731FEA03B4008EABDE /* ViewController.h */,
				071D37741FEA03B4008EABDE /* ViewController.m */,
				071D37761FEA03B4008EABDE /* Main.storyboard */,
				071D37791FEA03B4008EABDE /* Assets.xcassets */,
				071D377B1FEA03B4008EABDE /* LaunchScreen.storyboard */,
				071D377E1FEA03B4008EABDE /* Info.plist */,
				071D377F1FEA03B4008EABDE /* main.m */,
				071B8B7E1FEB43D40096F1B1 /* OpenGLView.h */,
				071B8B7F1FEB43D40096F1B1 /* OpenGLView.m */,
				071B8B8B1FEB4EB70096F1B1 /* Shader.h */,
				071B8B8A1FEB4EB60096F1B1 /* Shader.m */,
				071B8B811FEB47F70096F1B1 /* Vertex.vs */,
				071B8B8F1FEB61800096F1B1 /* Fragment.frag */,
			);
			path = OpenGLLearning004;
			sourceTree = "<group>";
		};
/* End PBXGroup section */

/* Begin PBXNativeTarget section */
		071D376C1FEA03B4008EABDE /* OpenGLLearning004 */ = {
			isa = PBXNativeTarget;
			buildConfigurationList = 071D37831FEA03B4008EABDE /* Build configuration list for PBXNativeTarget "OpenGLLearning004" */;
			buildPhases = (
				071D37691FEA03B4008EABDE /* Sources */,
				071D376A1FEA03B4008EABDE /* Frameworks */,
				071D376B1FEA03B4008EABDE /* Resources */,
			);
			buildRules = (
			);
			dependencies = (
			);
			name = OpenGLLearning004;
			productName = OpenGLLearning004;
			productReference = 071D376D1FEA03B4008EABDE /* OpenGLLearning004.app */;
			productType = "com.apple.product-type.application";
		};
/* End PBXNativeTarget section */

/* Begin PBXProject section */
		071D37651FEA03B4008EABDE /* Project object */ = {
			isa = PBXProject;
			attributes = {
				LastUpgradeCheck = 0900;
				ORGANIZATIONNAME = www.Beydeng.com;
				TargetAttributes = {
					071D376C1FEA03B4008EABDE = {
						CreatedOnToolsVersion = 9.0;
						ProvisioningStyle = Automatic;
					};
				};
			};
			buildConfigurationList = 071D37681FEA03B4008EABDE /* Build configuration list for PBXProject "OpenGLLearning004" */;
			compatibilityVersion = "Xcode 8.0";
			developmentRegion = en;
			hasScannedForEncodings = 0;
			knownRegions = (
				en,
				Base,
			);
			mainGroup = 071D37641FEA03B4008EABDE;
			productRefGroup = 071D376E1FEA03B4008EABDE /* Products */;
			projectDirPath = "";
			projectRoot = "";
			targets = (
				071D376C1FEA03B4008EABDE /* OpenGLLearning004 */,
			);
		};
/* End PBXProject section */

/* Begin PBXResourcesBuildPhase section */
		071D376B1FEA03B4008EABDE /* Resources */ = {
			isa = PBXResourcesBuildPhase;
			buildActionMask = 2147483647;
			files = (
				071D377D1FEA03B4008EABDE /* LaunchScreen.storyboard in Resources */,
				071D377A1FEA03B4008EABDE /* Assets.xcassets in Resources */,
				071B8B821FEB47F70096F1B1 /* Vertex.vs in Resources */,
				071D37781FEA03B4008EABDE /* Main.storyboard in Resources */,
				071B8B901FEB61800096F1B1 /* Fragment.frag in Resources */,
			);
			runOnlyForDeploymentPostprocessing = 0;
		};
/* End PBXResourcesBuildPhase section */

/* Begin PBXSourcesBuildPhase section */
		071D37691FEA03B4008EABDE /* Sources */ = {
			isa = PBXSourcesBuildPhase;
			buildActionMask = 2147483647;
			files = (
				071D37751FEA03B4008EABDE /* ViewController.m in Sources */,
				071D37801FEA03B4008EABDE /* main.m in Sources */,
				071D37721FEA03B4008EABDE /* AppDelegate.m in Sources */,
				071B8B801FEB43D40096F1B1 /* OpenGLView.m in Sources */,
				071B8B8C1FEB4F6B0096F1B1 /* Shader.m in Sources */,
			);
			runOnlyForDeploymentPostprocessing = 0;
		};
/* End PBXSourcesBuildPhase section */

/* Begin PBXVariantGroup section */
		071D37761FEA03B4008EABDE /* Main.storyboard */ = {
			isa = PBXVariantGroup;
			children = (
				071D37771FEA03B4008EABDE /* Base */,
			);
			name = Main.storyboard;
			sourceTree = "<group>";
		};
		071D377B1FEA03B4008EABDE /* LaunchScreen.storyboard */ = {
			isa = PBXVariantGroup;
			children = (
				071D377C1FEA03B4008EABDE /* Base */,
			);
			name = LaunchScreen.storyboard;
			sourceTree = "<group>";
		};
/* End PBXVariantGroup section */

/* Begin XCBuildConfiguration section */
		071D37811FEA03B4008EABDE /* Debug */ = {
			isa = XCBuildConfiguration;
			buildSettings = {
				ALWAYS_SEARCH_USER_PATHS = NO;
				CLANG_ANALYZER_NONNULL = YES;
				CLANG_ANALYZER_NUMBER_OBJECT_CONVERSION = YES_AGGRESSIVE;
				CLANG_CXX_LANGUAGE_STANDARD = "gnu++14";
				CLANG_CXX_LIBRARY = "libc++";
				CLANG_ENABLE_MODULES = YES;
				CLANG_ENABLE_OBJC_ARC = YES;
				CLANG_WARN_BLOCK_CAPTURE_AUTORELEASING = YES;
				CLANG_WARN_BOOL_CONVERSION = YES;
				CLANG_WARN_COMMA = YES;
				CLANG_WARN_CONSTANT_CONVERSION = YES;
				CLANG_WARN_DIRECT_OBJC_ISA_USAGE = YES_ERROR;
				CLANG_WARN_DOCUMENTATION_COMMENTS = YES;
				CLANG_WARN_EMPTY_BODY = YES;
				CLANG_WARN_ENUM_CONVERSION = YES;
				CLANG_WARN_INFINITE_RECURSION = YES;
				CLANG_WARN_INT_CONVERSION = YES;
				CLANG_WARN_NON_LITERAL_NULL_CONVERSION = YES;
				CLANG_WARN_OBJC_LITERAL_CONVERSION = YES;
				CLANG_WARN_OBJC_ROOT_CLASS = YES_ERROR;
				CLANG_WARN_RANGE_LOOP_ANALYSIS = YES;
				CLANG_WARN_STRICT_PROTOTYPES = YES;
				CLANG_WARN_SUSPICIOUS_MOVE = YES;
				CLANG_WARN_UNGUARDED_AVAILABILITY = YES_AGGRESSIVE;
				CLANG_WARN_UNREACHABLE_CODE = YES;
				CLANG_WARN__DUPLICATE_METHOD_MATCH = YES;
				CODE_SIGN_IDENTITY = "iPhone Developer";
				COPY_PHASE_STRIP = NO;
				DEBUG_INFORMATION_FORMAT = dwarf;
				ENABLE_STRICT_OBJC_MSGSEND = YES;
				ENABLE_TESTABILITY = YES;
				GCC_C_LANGUAGE_STANDARD = gnu11;
				GCC_DYNAMIC_NO_PIC = NO;
				GCC_NO_COMMON_BLOCKS = YES;
				GCC_OPTIMIZATION_LEVEL = 0;
				GCC_PREPROCESSOR_DEFINITIONS = (
					"DEBUG=1",
					"$(inherited)",
				);
				GCC_WARN_64_TO_32_BIT_CONVERSION = YES;
				GCC_WARN_ABOUT_RETURN_TYPE = YES_ERROR;
				GCC_WARN_UNDECLARED_SELECTOR = YES;
				GCC_WARN_UNINITIALIZED_AUTOS = YES_AGGRESSIVE;
				GCC_WARN_UNUSED_FUNCTION = YES;
				GCC_WARN_UNUSED_VARIABLE = YES;
				IPHONEOS_DEPLOYMENT_TARGET = 11.0;
				MTL_ENABLE_DEBUG_INFO = YES;
				ONLY_ACTIVE_ARCH = YES;
				SDKROOT = iphoneos;
			};
			name = Debug;
		};
		071D37821FEA03B4008EABDE /* Release */ = {
			isa = XCBuildConfiguration;
			buildSettings = {
				ALWAYS_SEARCH_USER_PATHS = NO;
				CLANG_ANALYZER_NONNULL = YES;
				CLANG_ANALYZER_NUMBER_OBJECT_CONVERSION = YES_AGGRESSIVE;
				CLANG_CXX_LANGUAGE_STANDARD = "gnu++14";
				CLANG_CXX_LIBRARY = "libc++";
				CLANG_ENABLE_MODULES = YES;
				CLANG_ENABLE_OBJC_ARC = YES;
				CLANG_WARN_BLOCK_CAPTURE_AUTORELEASING = YES;
				CLANG_WARN_BOOL_CONVERSION = YES;
				CLANG_WARN_COMMA = YES;
				CLANG_WARN_CONSTANT_CONVERSION = YES;
				CLANG_WARN_DIRECT_OBJC_ISA_USAGE = YES_ERROR;
				CLANG_WARN_DOCUMENTATION_COMMENTS = YES;
				CLANG_WARN_EMPTY_BODY = YES;
				CLANG_WARN_ENUM_CONVERSION = YES;
				CLANG_WARN_INFINITE_RECURSION = YES;
				CLANG_WARN_INT_CONVERSION = YES;
				CLANG_WARN_NON_LITERAL_NULL_CONVERSION = YES;
				CLANG_WARN_OBJC_LITERAL_CONVERSION = YES;
				CLANG_WARN_OBJC_ROOT_CLASS = YES_ERROR;
				CLANG_WARN_RANGE_LOOP_ANALYSIS = YES;
				CLANG_WARN_STRICT_PROTOTYPES = YES;
				CLANG_WARN_SUSPICIOUS_MOVE = YES;
				CLANG_WARN_UNGUARDED_AVAILABILITY = YES_AGGRESSIVE;
				CLANG_WARN_UNREACHABLE_CODE = YES;
				CLANG_WARN__DUPLICATE_METHOD_MATCH = YES;
				CODE_SIGN_IDENTITY = "iPhone Developer";
				COPY_PHASE_STRIP = NO;
				DEBUG_INFORMATION_FORMAT = "dwarf-with-dsym";
				ENABLE_NS_ASSERTIONS = NO;
				ENABLE_STRICT_OBJC_MSGSEND = YES;
				GCC_C_LANGUAGE_STANDARD = gnu11;
				GCC_NO_COMMON_BLOCKS = YES;
				GCC_WARN_64_TO_32_BIT_CONVERSION = YES;
				GCC_WARN_ABOUT_RETURN_TYPE = YES_ERROR;
				GCC_WARN_UNDECLARED_SELECTOR = YES;
				GCC_WARN_UNINITIALIZED_AUTOS = YES_AGGRESSIVE;
				GCC_WARN_UNUSED_FUNCTION = YES;
				GCC_WARN_UNUSED_VARIABLE = YES;
				IPHONEOS_DEPLOYMENT_TARGET = 11.0;
				MTL_ENABLE_DEBUG_INFO = NO;
				SDKROOT = iphoneos;
				VALIDATE_PRODUCT = YES;
			};
			name = Release;
		};
		071D37841FEA03B4008EABDE /* Debug */ = {
			isa = XCBuildConfiguration;
			buildSettings = {
				ASSETCATALOG_COMPILER_APPICON_NAME = AppIcon;
				CODE_SIGN_STYLE = Automatic;
				DEVELOPMENT_TEAM = 6MVF2K4FPQ;
				HEADER_SEARCH_PATHS = "";
				INFOPLIST_FILE = OpenGLLearning004/Info.plist;
				LD_RUNPATH_SEARCH_PATHS = "$(inherited) @executable_path/Frameworks";
				OTHER_LDFLAGS = "";
				PRODUCT_BUNDLE_IDENTIFIER = "-01.Beydeng.OpenGLLearning004";
				PRODUCT_NAME = "$(TARGET_NAME)";
				TARGETED_DEVICE_FAMILY = "1,2";
			};
			name = Debug;
		};
		071D37851FEA03B4008EABDE /* Release */ = {
			isa = XCBuildConfiguration;
			buildSettings = {
				ASSETCATALOG_COMPILER_APPICON_NAME = AppIcon;
				CODE_SIGN_STYLE = Automatic;
				DEVELOPMENT_TEAM = 6MVF2K4FPQ;
				HEADER_SEARCH_PATHS = "";
				INFOPLIST_FILE = OpenGLLearning004/Info.plist;
				LD_RUNPATH_SEARCH_PATHS = "$(inherited) @executable_path/Frameworks";
				OTHER_LDFLAGS = "";
				PRODUCT_BUNDLE_IDENTIFIER = "-01.Beydeng.OpenGLLearning004";
				PRODUCT_NAME = "$(TARGET_NAME)";
				TARGETED_DEVICE_FAMILY = "1,2";
			};
			name = Release;
		};
/* End XCBuildConfiguration section */

/* Begin XCConfigurationList section */
		071D37681FEA03B4008EABDE /* Build configuration list for PBXProject "OpenGLLearning004" */ = {
			isa = XCConfigurationList;
			buildConfigurations = (
				071D37811FEA03B4008EABDE /* Debug */,
				071D37821FEA03B4008EABDE /* Release */,
			);
			defaultConfigurationIsVisible = 0;
			defaultConfigurationName = Release;
		};
		071D37831FEA03B4008EABDE /* Build configuration list for PBXNativeTarget "OpenGLLearning004" */ = {
			isa = XCConfigurationList;
			buildConfigurations = (
				071D37841FEA03B4008EABDE /* Debug */,
				071D37851FEA03B4008EABDE /* Release */,
			);
			defaultConfigurationIsVisible = 0;
			defaultConfigurationName = Release;
		};
/* End XCConfigurationList section */
	};
	rootObject = 071D37651FEA03B4008EABDE /* Project object */;
}
