// !$*UTF8*$!
{
	archiveVersion = 1;
	classes = {
	};
	objectVersion = 48;
	objects = {

/* Begin PBXBuildFile section */
		0723C4281FE2801F0012691D /* AppDelegate.m in Sources */ = {isa = PBXBuildFile; fileRef = 0723C4271FE2801F0012691D /* AppDelegate.m */; };
		0723C42B1FE2801F0012691D /* ViewController.m in Sources */ = {isa = PBXBuildFile; fileRef = 0723C42A1FE2801F0012691D /* ViewController.m */; };
		0723C42E1FE2801F0012691D /* Main.storyboard in Resources */ = {isa = PBXBuildFile; fileRef = 0723C42C1FE2801F0012691D /* Main.storyboard */; };
		0723C4301FE2801F0012691D /* Assets.xcassets in Resources */ = {isa = PBXBuildFile; fileRef = 0723C42F1FE2801F0012691D /* Assets.xcassets */; };
		0723C4331FE2801F0012691D /* LaunchScreen.storyboard in Resources */ = {isa = PBXBuildFile; fileRef = 0723C4311FE2801F0012691D /* LaunchScreen.storyboard */; };
		0723C4361FE2801F0012691D /* main.m in Sources */ = {isa = PBXBuildFile; fileRef = 0723C4351FE2801F0012691D /* main.m */; };
		0723C43F1FE2805D0012691D /* OpenGLView.m in Sources */ = {isa = PBXBuildFile; fileRef = 0723C43E1FE2805D0012691D /* OpenGLView.m */; };
		0723C4421FE280990012691D /* QuartzCore.framework in Frameworks */ = {isa = PBXBuildFile; fileRef = 0723C4411FE280990012691D /* QuartzCore.framework */; };
		0723C4441FE2809F0012691D /* OpenGLES.framework in Frameworks */ = {isa = PBXBuildFile; fileRef = 0723C4431FE2809F0012691D /* OpenGLES.framework */; };
/* End PBXBuildFile section */

/* Begin PBXFileReference section */
		0723C4231FE2801F0012691D /* OpenGLLearning001.app */ = {isa = PBXFileReference; explicitFileType = wrapper.application; includeInIndex = 0; path = OpenGLLearning001.app; sourceTree = BUILT_PRODUCTS_DIR; };
		0723C4261FE2801F0012691D /* AppDelegate.h */ = {isa = PBXFileReference; lastKnownFileType = sourcecode.c.h; path = AppDelegate.h; sourceTree = "<group>"; };
		0723C4271FE2801F0012691D /* AppDelegate.m */ = {isa = PBXFileReference; lastKnownFileType = sourcecode.c.objc; path = AppDelegate.m; sourceTree = "<group>"; };
		0723C4291FE2801F0012691D /* ViewController.h */ = {isa = PBXFileReference; lastKnownFileType = sourcecode.c.h; path = ViewController.h; sourceTree = "<group>"; };
		0723C42A1FE2801F0012691D /* ViewController.m */ = {isa = PBXFileReference; lastKnownFileType = sourcecode.c.objc; path = ViewController.m; sourceTree = "<group>"; };
		0723C42D1FE2801F0012691D /* Base */ = {isa = PBXFileReference; lastKnownFileType = file.storyboard; name = Base; path = Base.lproj/Main.storyboard; sourceTree = "<group>"; };
		0723C42F1FE2801F0012691D /* Assets.xcassets */ = {isa = PBXFileReference; lastKnownFileType = folder.assetcatalog; path = Assets.xcassets; sourceTree = "<group>"; };
		0723C4321FE2801F0012691D /* Base */ = {isa = PBXFileReference; lastKnownFileType = file.storyboard; name = Base; path = Base.lproj/LaunchScreen.storyboard; sourceTree = "<group>"; };
		0723C4341FE2801F0012691D /* Info.plist */ = {isa = PBXFileReference; lastKnownFileType = text.plist.xml; path = Info.plist; sourceTree = "<group>"; };
		0723C4351FE2801F0012691D /* main.m */ = {isa = PBXFileReference; lastKnownFileType = sourcecode.c.objc; path = main.m; sourceTree = "<group>"; };
		0723C43D1FE2805D0012691D /* OpenGLView.h */ = {isa = PBXFileReference; lastKnownFileType = sourcecode.c.h; path = OpenGLView.h; sourceTree = "<group>"; };
		0723C43E1FE2805D0012691D /* OpenGLView.m */ = {isa = PBXFileReference; lastKnownFileType = sourcecode.c.objc; path = OpenGLView.m; sourceTree = "<group>"; };
		0723C4411FE280990012691D /* QuartzCore.framework */ = {isa = PBXFileReference; lastKnownFileType = wrapper.framework; name = QuartzCore.framework; path = System/Library/Frameworks/QuartzCore.framework; sourceTree = SDKROOT; };
		0723C4431FE2809F0012691D /* OpenGLES.framework */ = {isa = PBXFileReference; lastKnownFileType = wrapper.framework; name = OpenGLES.framework; path = System/Library/Frameworks/OpenGLES.framework; sourceTree = SDKROOT; };
/* End PBXFileReference section */

/* Begin PBXFrameworksBuildPhase section */
		0723C4201FE2801F0012691D /* Frameworks */ = {
			isa = PBXFrameworksBuildPhase;
			buildActionMask = 2147483647;
			files = (
				0723C4441FE2809F0012691D /* OpenGLES.framework in Frameworks */,
				0723C4421FE280990012691D /* QuartzCore.framework in Frameworks */,
			);
			runOnlyForDeploymentPostprocessing = 0;
		};
/* End PBXFrameworksBuildPhase section */

/* Begin PBXGroup section */
		0723C41A1FE2801F0012691D = {
			isa = PBXGroup;
			children = (
				0723C4251FE2801F0012691D /* OpenGLLearning001 */,
				0723C4241FE2801F0012691D /* Products */,
				0723C4401FE280990012691D /* Frameworks */,
			);
			sourceTree = "<group>";
		};
		0723C4241FE2801F0012691D /* Products */ = {
			isa = PBXGroup;
			children = (
				0723C4231FE2801F0012691D /* OpenGLLearning001.app */,
			);
			name = Products;
			sourceTree = "<group>";
		};
		0723C4251FE2801F0012691D /* OpenGLLearning001 */ = {
			isa = PBXGroup;
			children = (
				0723C4261FE2801F0012691D /* AppDelegate.h */,
				0723C4271FE2801F0012691D /* AppDelegate.m */,
				0723C4291FE2801F0012691D /* ViewController.h */,
				0723C42A1FE2801F0012691D /* ViewController.m */,
				0723C42C1FE2801F0012691D /* Main.storyboard */,
				0723C42F1FE2801F0012691D /* Assets.xcassets */,
				0723C4311FE2801F0012691D /* LaunchScreen.storyboard */,
				0723C4341FE2801F0012691D /* Info.plist */,
				0723C4351FE2801F0012691D /* main.m */,
				0723C43D1FE2805D0012691D /* OpenGLView.h */,
				0723C43E1FE2805D0012691D /* OpenGLView.m */,
			);
			path = OpenGLLearning001;
			sourceTree = "<group>";
		};
		0723C4401FE280990012691D /* Frameworks */ = {
			isa = PBXGroup;
			children = (
				0723C4431FE2809F0012691D /* OpenGLES.framework */,
				0723C4411FE280990012691D /* QuartzCore.framework */,
			);
			name = Frameworks;
			sourceTree = "<group>";
		};
/* End PBXGroup section */

/* Begin PBXNativeTarget section */
		0723C4221FE2801F0012691D /* OpenGLLearning001 */ = {
			isa = PBXNativeTarget;
			buildConfigurationList = 0723C4391FE2801F0012691D /* Build configuration list for PBXNativeTarget "OpenGLLearning001" */;
			buildPhases = (
				0723C41F1FE2801F0012691D /* Sources */,
				0723C4201FE2801F0012691D /* Frameworks */,
				0723C4211FE2801F0012691D /* Resources */,
			);
			buildRules = (
			);
			dependencies = (
			);
			name = OpenGLLearning001;
			productName = OpenGLLearning001;
			productReference = 0723C4231FE2801F0012691D /* OpenGLLearning001.app */;
			productType = "com.apple.product-type.application";
		};
/* End PBXNativeTarget section */

/* Begin PBXProject section */
		0723C41B1FE2801F0012691D /* Project object */ = {
			isa = PBXProject;
			attributes = {
				LastUpgradeCheck = 0900;
				ORGANIZATIONNAME = www.Beydeng.com;
				TargetAttributes = {
					0723C4221FE2801F0012691D = {
						CreatedOnToolsVersion = 9.0;
						ProvisioningStyle = Automatic;
					};
				};
			};
			buildConfigurationList = 0723C41E1FE2801F0012691D /* Build configuration list for PBXProject "OpenGLLearning001" */;
			compatibilityVersion = "Xcode 8.0";
			developmentRegion = en;
			hasScannedForEncodings = 0;
			knownRegions = (
				en,
				Base,
			);
			mainGroup = 0723C41A1FE2801F0012691D;
			productRefGroup = 0723C4241FE2801F0012691D /* Products */;
			projectDirPath = "";
			projectRoot = "";
			targets = (
				0723C4221FE2801F0012691D /* OpenGLLearning001 */,
			);
		};
/* End PBXProject section */

/* Begin PBXResourcesBuildPhase section */
		0723C4211FE2801F0012691D /* Resources */ = {
			isa = PBXResourcesBuildPhase;
			buildActionMask = 2147483647;
			files = (
				0723C4331FE2801F0012691D /* LaunchScreen.storyboard in Resources */,
				0723C4301FE2801F0012691D /* Assets.xcassets in Resources */,
				0723C42E1FE2801F0012691D /* Main.storyboard in Resources */,
			);
			runOnlyForDeploymentPostprocessing = 0;
		};
/* End PBXResourcesBuildPhase section */

/* Begin PBXSourcesBuildPhase section */
		0723C41F1FE2801F0012691D /* Sources */ = {
			isa = PBXSourcesBuildPhase;
			buildActionMask = 2147483647;
			files = (
				0723C42B1FE2801F0012691D /* ViewController.m in Sources */,
				0723C4361FE2801F0012691D /* main.m in Sources */,
				0723C4281FE2801F0012691D /* AppDelegate.m in Sources */,
				0723C43F1FE2805D0012691D /* OpenGLView.m in Sources */,
			);
			runOnlyForDeploymentPostprocessing = 0;
		};
/* End PBXSourcesBuildPhase section */

/* Begin PBXVariantGroup section */
		0723C42C1FE2801F0012691D /* Main.storyboard */ = {
			isa = PBXVariantGroup;
			children = (
				0723C42D1FE2801F0012691D /* Base */,
			);
			name = Main.storyboard;
			sourceTree = "<group>";
		};
		0723C4311FE2801F0012691D /* LaunchScreen.storyboard */ = {
			isa = PBXVariantGroup;
			children = (
				0723C4321FE2801F0012691D /* Base */,
			);
			name = LaunchScreen.storyboard;
			sourceTree = "<group>";
		};
/* End PBXVariantGroup section */

/* Begin XCBuildConfiguration section */
		0723C4371FE2801F0012691D /* Debug */ = {
			isa = XCBuildConfiguration;
			buildSettings = {
				ALWAYS_SEARCH_USER_PATHS = NO;
				CLANG_ANALYZER_NONNULL = YES;
				CLANG_ANALYZER_NUMBER_OBJECT_CONVERSION = YES_AGGRESSIVE;
				CLANG_CXX_LANGUAGE_STANDARD = "gnu++14";
				CLANG_CXX_LIBRARY = "libc++";
				CLANG_ENABLE_MODULES = YES;
				CLANG_ENABLE_OBJC_ARC = YES;
				CLANG_WARN_BLOCK_CAPTURE_AUTORELEASING = YES;
				CLANG_WARN_BOOL_CONVERSION = YES;
				CLANG_WARN_COMMA = YES;
				CLANG_WARN_CONSTANT_CONVERSION = YES;
				CLANG_WARN_DIRECT_OBJC_ISA_USAGE = YES_ERROR;
				CLANG_WARN_DOCUMENTATION_COMMENTS = YES;
				CLANG_WARN_EMPTY_BODY = YES;
				CLANG_WARN_ENUM_CONVERSION = YES;
				CLANG_WARN_INFINITE_RECURSION = YES;
				CLANG_WARN_INT_CONVERSION = YES;
				CLANG_WARN_NON_LITERAL_NULL_CONVERSION = YES;
				CLANG_WARN_OBJC_LITERAL_CONVERSION = YES;
				CLANG_WARN_OBJC_ROOT_CLASS = YES_ERROR;
				CLANG_WARN_RANGE_LOOP_ANALYSIS = YES;
				CLANG_WARN_STRICT_PROTOTYPES = YES;
				CLANG_WARN_SUSPICIOUS_MOVE = YES;
				CLANG_WARN_UNGUARDED_AVAILABILITY = YES_AGGRESSIVE;
				CLANG_WARN_UNREACHABLE_CODE = YES;
				CLANG_WARN__DUPLICATE_METHOD_MATCH = YES;
				CODE_SIGN_IDENTITY = "iPhone Developer";
				COPY_PHASE_STRIP = NO;
				DEBUG_INFORMATION_FORMAT = dwarf;
				ENABLE_STRICT_OBJC_MSGSEND = YES;
				ENABLE_TESTABILITY = YES;
				GCC_C_LANGUAGE_STANDARD = gnu11;
				GCC_DYNAMIC_NO_PIC = NO;
				GCC_NO_COMMON_BLOCKS = YES;
				GCC_OPTIMIZATION_LEVEL = 0;
				GCC_PREPROCESSOR_DEFINITIONS = (
					"DEBUG=1",
					"$(inherited)",
				);
				GCC_WARN_64_TO_32_BIT_CONVERSION = YES;
				GCC_WARN_ABOUT_RETURN_TYPE = YES_ERROR;
				GCC_WARN_UNDECLARED_SELECTOR = YES;
				GCC_WARN_UNINITIALIZED_AUTOS = YES_AGGRESSIVE;
				GCC_WARN_UNUSED_FUNCTION = YES;
				GCC_WARN_UNUSED_VARIABLE = YES;
				IPHONEOS_DEPLOYMENT_TARGET = 11.0;
				MTL_ENABLE_DEBUG_INFO = YES;
				ONLY_ACTIVE_ARCH = YES;
				SDKROOT = iphoneos;
			};
			name = Debug;
		};
		0723C4381FE2801F0012691D /* Release */ = {
			isa = XCBuildConfiguration;
			buildSettings = {
				ALWAYS_SEARCH_USER_PATHS = NO;
				CLANG_ANALYZER_NONNULL = YES;
				CLANG_ANALYZER_NUMBER_OBJECT_CONVERSION = YES_AGGRESSIVE;
				CLANG_CXX_LANGUAGE_STANDARD = "gnu++14";
				CLANG_CXX_LIBRARY = "libc++";
				CLANG_ENABLE_MODULES = YES;
				CLANG_ENABLE_OBJC_ARC = YES;
				CLANG_WARN_BLOCK_CAPTURE_AUTORELEASING = YES;
				CLANG_WARN_BOOL_CONVERSION = YES;
				CLANG_WARN_COMMA = YES;
				CLANG_WARN_CONSTANT_CONVERSION = YES;
				CLANG_WARN_DIRECT_OBJC_ISA_USAGE = YES_ERROR;
				CLANG_WARN_DOCUMENTATION_COMMENTS = YES;
				CLANG_WARN_EMPTY_BODY = YES;
				CLANG_WARN_ENUM_CONVERSION = YES;
				CLANG_WARN_INFINITE_RECURSION = YES;
				CLANG_WARN_INT_CONVERSION = YES;
				CLANG_WARN_NON_LITERAL_NULL_CONVERSION = YES;
				CLANG_WARN_OBJC_LITERAL_CONVERSION = YES;
				CLANG_WARN_OBJC_ROOT_CLASS = YES_ERROR;
				CLANG_WARN_RANGE_LOOP_ANALYSIS = YES;
				CLANG_WARN_STRICT_PROTOTYPES = YES;
				CLANG_WARN_SUSPICIOUS_MOVE = YES;
				CLANG_WARN_UNGUARDED_AVAILABILITY = YES_AGGRESSIVE;
				CLANG_WARN_UNREACHABLE_CODE = YES;
				CLANG_WARN__DUPLICATE_METHOD_MATCH = YES;
				CODE_SIGN_IDENTITY = "iPhone Developer";
				COPY_PHASE_STRIP = NO;
				DEBUG_INFORMATION_FORMAT = "dwarf-with-dsym";
				ENABLE_NS_ASSERTIONS = NO;
				ENABLE_STRICT_OBJC_MSGSEND = YES;
				GCC_C_LANGUAGE_STANDARD = gnu11;
				GCC_NO_COMMON_BLOCKS = YES;
				GCC_WARN_64_TO_32_BIT_CONVERSION = YES;
				GCC_WARN_ABOUT_RETURN_TYPE = YES_ERROR;
				GCC_WARN_UNDECLARED_SELECTOR = YES;
				GCC_WARN_UNINITIALIZED_AUTOS = YES_AGGRESSIVE;
				GCC_WARN_UNUSED_FUNCTION = YES;
				GCC_WARN_UNUSED_VARIABLE = YES;
				IPHONEOS_DEPLOYMENT_TARGET = 11.0;
				MTL_ENABLE_DEBUG_INFO = NO;
				SDKROOT = iphoneos;
				VALIDATE_PRODUCT = YES;
			};
			name = Release;
		};
		0723C43A1FE2801F0012691D /* Debug */ = {
			isa = XCBuildConfiguration;
			buildSettings = {
				ASSETCATALOG_COMPILER_APPICON_NAME = AppIcon;
				CODE_SIGN_STYLE = Automatic;
				DEVELOPMENT_TEAM = 6MVF2K4FPQ;
				INFOPLIST_FILE = OpenGLLearning001/Info.plist;
				LD_RUNPATH_SEARCH_PATHS = "$(inherited) @executable_path/Frameworks";
				PRODUCT_BUNDLE_IDENTIFIER = "-01.Beydeng.OpenGLLearning001";
				PRODUCT_NAME = "$(TARGET_NAME)";
				TARGETED_DEVICE_FAMILY = "1,2";
			};
			name = Debug;
		};
		0723C43B1FE2801F0012691D /* Release */ = {
			isa = XCBuildConfiguration;
			buildSettings = {
				ASSETCATALOG_COMPILER_APPICON_NAME = AppIcon;
				CODE_SIGN_STYLE = Automatic;
				DEVELOPMENT_TEAM = 6MVF2K4FPQ;
				INFOPLIST_FILE = OpenGLLearning001/Info.plist;
				LD_RUNPATH_SEARCH_PATHS = "$(inherited) @executable_path/Frameworks";
				PRODUCT_BUNDLE_IDENTIFIER = "-01.Beydeng.OpenGLLearning001";
				PRODUCT_NAME = "$(TARGET_NAME)";
				TARGETED_DEVICE_FAMILY = "1,2";
			};
			name = Release;
		};
/* End XCBuildConfiguration section */

/* Begin XCConfigurationList section */
		0723C41E1FE2801F0012691D /* Build configuration list for PBXProject "OpenGLLearning001" */ = {
			isa = XCConfigurationList;
			buildConfigurations = (
				0723C4371FE2801F0012691D /* Debug */,
				0723C4381FE2801F0012691D /* Release */,
			);
			defaultConfigurationIsVisible = 0;
			defaultConfigurationName = Release;
		};
		0723C4391FE2801F0012691D /* Build configuration list for PBXNativeTarget "OpenGLLearning001" */ = {
			isa = XCConfigurationList;
			buildConfigurations = (
				0723C43A1FE2801F0012691D /* Debug */,
				0723C43B1FE2801F0012691D /* Release */,
			);
			defaultConfigurationIsVisible = 0;
			defaultConfigurationName = Release;
		};
/* End XCConfigurationList section */
	};
	rootObject = 0723C41B1FE2801F0012691D /* Project object */;
}
